// !$*UTF8*$!
{
	archiveVersion = 1;
	classes = {
	};
	objectVersion = 50;
	objects = {

/* Begin PBXBuildFile section */
		9821A1E027A3DCEE007FF1D9 /* 1854_k번째최단경로찾기.cpp in Sources */ = {isa = PBXBuildFile; fileRef = 989F2699278EA5040005CCC2 /* 1854_k번째최단경로찾기.cpp */; };
/* End PBXBuildFile section */

/* Begin PBXCopyFilesBuildPhase section */
		98055B7525C6BDA50001C487 /* CopyFiles */ = {
			isa = PBXCopyFilesBuildPhase;
			buildActionMask = 2147483647;
			dstPath = /usr/share/man/man1/;
			dstSubfolderSpec = 0;
			files = (
			);
			runOnlyForDeploymentPostprocessing = 1;
		};
/* End PBXCopyFilesBuildPhase section */

/* Begin PBXFileReference section */
		980008CF2692CAF50066DC1C /* 1167트리의지름.cpp */ = {isa = PBXFileReference; lastKnownFileType = sourcecode.cpp.cpp; path = "1167트리의지름.cpp"; sourceTree = "<group>"; };
		980008D12693DAFE0066DC1C /* 15650_n과m2.cpp */ = {isa = PBXFileReference; lastKnownFileType = sourcecode.cpp.cpp; path = "15650_n과m2.cpp"; sourceTree = "<group>"; };
		9800727426B7A397001056A6 /* 1912_연속합.cpp */ = {isa = PBXFileReference; lastKnownFileType = sourcecode.cpp.cpp; path = "1912_연속합.cpp"; sourceTree = "<group>"; };
		9800727626B7C576001056A6 /* 1461_도서관.cpp */ = {isa = PBXFileReference; lastKnownFileType = sourcecode.cpp.cpp; path = "1461_도서관.cpp"; sourceTree = "<group>"; };
		9800727826B8F7A3001056A6 /* 1238_파티.cpp */ = {isa = PBXFileReference; lastKnownFileType = sourcecode.cpp.cpp; path = "1238_파티.cpp"; sourceTree = "<group>"; };
		98055B7725C6BDA60001C487 /* acmicpc */ = {isa = PBXFileReference; explicitFileType = "compiled.mach-o.executable"; includeInIndex = 0; path = acmicpc; sourceTree = BUILT_PRODUCTS_DIR; };
		98055B7A25C6BDA60001C487 /* main.cpp */ = {isa = PBXFileReference; lastKnownFileType = sourcecode.cpp.cpp; path = main.cpp; sourceTree = "<group>"; };
		9805DF07264E389100991EED /* 토마토.cpp */ = {isa = PBXFileReference; lastKnownFileType = sourcecode.cpp.cpp; path = "토마토.cpp"; sourceTree = "<group>"; };
		9806A1F526A11F130013449E /* 9935_문자열폭발.cpp */ = {isa = PBXFileReference; lastKnownFileType = sourcecode.cpp.cpp; path = "9935_문자열폭발.cpp"; sourceTree = "<group>"; };
		9806A1F826A295DF0013449E /* blank.cpp */ = {isa = PBXFileReference; lastKnownFileType = sourcecode.cpp.cpp; path = blank.cpp; sourceTree = "<group>"; };
		9806A1FF26A507990013449E /* 11437_LCA.cpp */ = {isa = PBXFileReference; lastKnownFileType = sourcecode.cpp.cpp; path = 11437_LCA.cpp; sourceTree = "<group>"; };
		9806A20126A5261E0013449E /* 3584_가장가까운공통조상.cpp */ = {isa = PBXFileReference; lastKnownFileType = sourcecode.cpp.cpp; path = "3584_가장가까운공통조상.cpp"; sourceTree = "<group>"; };
		9806E64B2699E63300711DAC /* 9184_신나는함수실행.cpp */ = {isa = PBXFileReference; lastKnownFileType = sourcecode.cpp.cpp; path = "9184_신나는함수실행.cpp"; sourceTree = "<group>"; };
		980B4903279AE89500A46824 /* 1038_감소하는수.cpp */ = {isa = PBXFileReference; lastKnownFileType = sourcecode.cpp.cpp; path = "1038_감소하는수.cpp"; sourceTree = "<group>"; };
		980B4905279B04F200A46824 /* 2243_사탕상자.cpp */ = {isa = PBXFileReference; lastKnownFileType = sourcecode.cpp.cpp; path = "2243_사탕상자.cpp"; sourceTree = "<group>"; };
		98162D5C26D4F49D008D401D /* 1260_DFS와BFS.cpp */ = {isa = PBXFileReference; lastKnownFileType = sourcecode.cpp.cpp; path = "1260_DFS와BFS.cpp"; sourceTree = "<group>"; };
		98162DB126D5D55D008D401D /* 13460_구슬탈출2.cpp */ = {isa = PBXFileReference; lastKnownFileType = sourcecode.cpp.cpp; path = "13460_구슬탈출2.cpp"; sourceTree = "<group>"; };
		98162DB326D603B3008D401D /* 13459_구슬탈출.cpp */ = {isa = PBXFileReference; lastKnownFileType = sourcecode.cpp.cpp; path = "13459_구슬탈출.cpp"; sourceTree = "<group>"; };
		9816BC082795825B001942FC /* 1535_안녕.cpp */ = {isa = PBXFileReference; lastKnownFileType = sourcecode.cpp.cpp; path = "1535_안녕.cpp"; sourceTree = "<group>"; };
		9816BC0A27958CDA001942FC /* 2012_등수매기기.cpp */ = {isa = PBXFileReference; lastKnownFileType = sourcecode.cpp.cpp; path = "2012_등수매기기.cpp"; sourceTree = "<group>"; };
		9819599426FDBDA6008DB8DC /* 2098_외판원순회.cpp */ = {isa = PBXFileReference; lastKnownFileType = sourcecode.cpp.cpp; path = "2098_외판원순회.cpp"; sourceTree = "<group>"; };
		981A714C26E99D4E00EAD1DC /* 20040_사이클게임.cpp */ = {isa = PBXFileReference; lastKnownFileType = sourcecode.cpp.cpp; path = "20040_사이클게임.cpp"; sourceTree = "<group>"; };
		981DA9E32702AF490075B7F4 /* 1316_그룹단어체커.cpp */ = {isa = PBXFileReference; lastKnownFileType = sourcecode.cpp.cpp; path = "1316_그룹단어체커.cpp"; sourceTree = "<group>"; };
		981DA9E52702B2E90075B7F4 /* 12015_가장긴증가하는부분수열2.cpp */ = {isa = PBXFileReference; lastKnownFileType = sourcecode.cpp.cpp; path = "12015_가장긴증가하는부분수열2.cpp"; sourceTree = "<group>"; };
		981FBBB42711364B002A1FDF /* 5525_IOIOI.cpp */ = {isa = PBXFileReference; lastKnownFileType = sourcecode.cpp.cpp; path = 5525_IOIOI.cpp; sourceTree = "<group>"; };
		9821A1D927A27C31007FF1D9 /* 3020_개똥벌레_ans.cpp */ = {isa = PBXFileReference; lastKnownFileType = sourcecode.cpp.cpp; path = "3020_개똥벌레_ans.cpp"; sourceTree = "<group>"; };
		9821A1DE27A3D0CE007FF1D9 /* 4485_녹색옷입은애가젤다지.cpp */ = {isa = PBXFileReference; lastKnownFileType = sourcecode.cpp.cpp; path = "4485_녹색옷입은애가젤다지.cpp"; sourceTree = "<group>"; };
		9823223226EF09D7009130AB /* 10809_알파벳찾기.cpp */ = {isa = PBXFileReference; lastKnownFileType = sourcecode.cpp.cpp; path = "10809_알파벳찾기.cpp"; sourceTree = "<group>"; };
		982676A526DE20C3007D9D85 /* 21278_호석이두마리치킨.cpp */ = {isa = PBXFileReference; lastKnownFileType = sourcecode.cpp.cpp; path = "21278_호석이두마리치킨.cpp"; sourceTree = "<group>"; };
		982B028B25F3C46900054C1E /* 특정한최단경로.cpp */ = {isa = PBXFileReference; lastKnownFileType = sourcecode.cpp.cpp; path = "특정한최단경로.cpp"; sourceTree = "<group>"; };
		982BBAA1269D34B500E260AF /* 9663_nqueen.cpp */ = {isa = PBXFileReference; lastKnownFileType = sourcecode.cpp.cpp; path = 9663_nqueen.cpp; sourceTree = "<group>"; };
		982BBAA5269FD52500E260AF /* 14499_주사위굴리기.cpp */ = {isa = PBXFileReference; lastKnownFileType = sourcecode.cpp.cpp; path = "14499_주사위굴리기.cpp"; sourceTree = "<group>"; };
		982BBAA726A06B5300E260AF /* test.cpp */ = {isa = PBXFileReference; lastKnownFileType = sourcecode.cpp.cpp; path = test.cpp; sourceTree = "<group>"; };
		982BBAA926A06BA000E260AF /* test_c.c */ = {isa = PBXFileReference; lastKnownFileType = sourcecode.c.c; path = test_c.c; sourceTree = "<group>"; };
		982BF96D270969AB008D8BEA /* hw2.c */ = {isa = PBXFileReference; lastKnownFileType = sourcecode.c.c; path = hw2.c; sourceTree = "<group>"; };
		982BF970270AD8FA008D8BEA /* 2020_F_Escaping.cpp */ = {isa = PBXFileReference; lastKnownFileType = sourcecode.cpp.cpp; path = 2020_F_Escaping.cpp; sourceTree = "<group>"; };
		982BF973270BD9B3008D8BEA /* 2922_즐거운단어.cpp */ = {isa = PBXFileReference; lastKnownFileType = sourcecode.cpp.cpp; path = "2922_즐거운단어.cpp"; sourceTree = "<group>"; };
		98333EEA26424E2A0074B204 /* 타일채우기.cpp */ = {isa = PBXFileReference; lastKnownFileType = sourcecode.cpp.cpp; path = "타일채우기.cpp"; sourceTree = "<group>"; };
		98333EF026425FA30074B204 /* 2xn타일링2.cpp */ = {isa = PBXFileReference; lastKnownFileType = sourcecode.cpp.cpp; path = "2xn타일링2.cpp"; sourceTree = "<group>"; };
		9833A7642706A90F000951CC /* 12852_1로만들기2.cpp */ = {isa = PBXFileReference; lastKnownFileType = sourcecode.cpp.cpp; path = "12852_1로만들기2.cpp"; sourceTree = "<group>"; };
		9835FF8526C35E580001AD9B /* 9025_Widest Path.cpp */ = {isa = PBXFileReference; lastKnownFileType = sourcecode.cpp.cpp; path = "9025_Widest Path.cpp"; sourceTree = "<group>"; };
		9838BE7526CA36E2007D3735 /* 1541_잃어버린괄호.cpp */ = {isa = PBXFileReference; lastKnownFileType = sourcecode.cpp.cpp; path = "1541_잃어버린괄호.cpp"; sourceTree = "<group>"; };
		983E588427857B2A003EE7BE /* 2042_구간합구하기.cpp */ = {isa = PBXFileReference; lastKnownFileType = sourcecode.cpp.cpp; name = "2042_구간합구하기.cpp"; path = "../../../c++/Algorithm_mac/indextree/2042_구간합구하기.cpp"; sourceTree = "<group>"; };
		983E588727858B90003EE7BE /* 1655_가운데를말해요.cpp */ = {isa = PBXFileReference; lastKnownFileType = sourcecode.cpp.cpp; name = "1655_가운데를말해요.cpp"; path = "../../../c++/Algorithm_mac/priorityqueue/1655_가운데를말해요.cpp"; sourceTree = "<group>"; };
		983E58892786ADA6003EE7BE /* 1275_커피숍2.cpp */ = {isa = PBXFileReference; lastKnownFileType = sourcecode.cpp.cpp; path = "1275_커피숍2.cpp"; sourceTree = "<group>"; };
		983E588B2786C2EA003EE7BE /* 2094_강수량.cpp */ = {isa = PBXFileReference; lastKnownFileType = sourcecode.cpp.cpp; path = "2094_강수량.cpp"; sourceTree = "<group>"; };
		983E588D2786D18C003EE7BE /* 3020_개똥벌레.cpp */ = {isa = PBXFileReference; lastKnownFileType = sourcecode.cpp.cpp; path = "3020_개똥벌레.cpp"; sourceTree = "<group>"; };
		983E588F2786D858003EE7BE /* 1644_소수의연속합.cpp */ = {isa = PBXFileReference; lastKnownFileType = sourcecode.cpp.cpp; path = "1644_소수의연속합.cpp"; sourceTree = "<group>"; };
		983E58912786DEEC003EE7BE /* 2725_보이는점의개수.cpp */ = {isa = PBXFileReference; lastKnownFileType = sourcecode.cpp.cpp; path = "2725_보이는점의개수.cpp"; sourceTree = "<group>"; };
		984C29BC264AA39E00684731 /* 오일러회로.cpp */ = {isa = PBXFileReference; lastKnownFileType = sourcecode.cpp.cpp; path = "오일러회로.cpp"; sourceTree = "<group>"; };
		984C29BE264AB2C300684731 /* 연구소2.cpp */ = {isa = PBXFileReference; lastKnownFileType = sourcecode.cpp.cpp; path = "연구소2.cpp"; sourceTree = "<group>"; };
		9850DAFD270DAFB00035DE0C /* 1697_숨바꼭질.cpp */ = {isa = PBXFileReference; lastKnownFileType = sourcecode.cpp.cpp; path = "1697_숨바꼭질.cpp"; sourceTree = "<group>"; };
		985200EE27835C740023E7D7 /* 9663_nqueen_.cpp */ = {isa = PBXFileReference; lastKnownFileType = sourcecode.cpp.cpp; path = 9663_nqueen_.cpp; sourceTree = "<group>"; };
		985200F027835CFB0023E7D7 /* 1039_교환.cpp */ = {isa = PBXFileReference; lastKnownFileType = sourcecode.cpp.cpp; path = "1039_교환.cpp"; sourceTree = "<group>"; };
		985200F127835D130023E7D7 /* 3425_고스택.cpp */ = {isa = PBXFileReference; lastKnownFileType = sourcecode.cpp.cpp; path = "3425_고스택.cpp"; sourceTree = "<group>"; };
		9852C32B278BBBCF00E469B5 /* 1717_집합의표현.cpp */ = {isa = PBXFileReference; lastKnownFileType = sourcecode.cpp.cpp; path = "1717_집합의표현.cpp"; sourceTree = "<group>"; };
		9852C32D278BEBBD00E469B5 /* 1922_네트워크연결.cpp */ = {isa = PBXFileReference; lastKnownFileType = sourcecode.cpp.cpp; path = "1922_네트워크연결.cpp"; sourceTree = "<group>"; };
		9852C32F278C0F3D00E469B5 /* 2252_줄세우기.cpp */ = {isa = PBXFileReference; lastKnownFileType = sourcecode.cpp.cpp; path = "2252_줄세우기.cpp"; sourceTree = "<group>"; };
		9852C331278C168600E469B5 /* 1516_게임개발.cpp */ = {isa = PBXFileReference; lastKnownFileType = sourcecode.cpp.cpp; path = "1516_게임개발.cpp"; sourceTree = "<group>"; };
		9852C333278D18D500E469B5 /* 다익스트라.cpp */ = {isa = PBXFileReference; lastKnownFileType = sourcecode.cpp.cpp; path = "다익스트라.cpp"; sourceTree = "<group>"; };
		9852C335278D1EEF00E469B5 /* 1753_최단경로.cpp */ = {isa = PBXFileReference; lastKnownFileType = sourcecode.cpp.cpp; path = "1753_최단경로.cpp"; sourceTree = "<group>"; };
		9852C337278D44CF00E469B5 /* 11404_플로이드.cpp */ = {isa = PBXFileReference; lastKnownFileType = sourcecode.cpp.cpp; path = "11404_플로이드.cpp"; sourceTree = "<group>"; };
		9852C339278D5DFE00E469B5 /* 5719_거의최단경로.cpp */ = {isa = PBXFileReference; lastKnownFileType = sourcecode.cpp.cpp; path = "5719_거의최단경로.cpp"; sourceTree = "<group>"; };
		9852C33B278D6F5200E469B5 /* 2458_키순서.cpp */ = {isa = PBXFileReference; lastKnownFileType = sourcecode.cpp.cpp; path = "2458_키순서.cpp"; sourceTree = "<group>"; };
		9853DE3E26D9F72F0051C6BC /* 1025_제곱수찾기.cpp */ = {isa = PBXFileReference; lastKnownFileType = sourcecode.cpp.cpp; path = "1025_제곱수찾기.cpp"; sourceTree = "<group>"; };
		985599CA26E7627A001DDA68 /* 5052_전화번호목록.cpp */ = {isa = PBXFileReference; lastKnownFileType = sourcecode.cpp.cpp; path = "5052_전화번호목록.cpp"; sourceTree = "<group>"; };
		9859A65927985D4700FB5640 /* 18111_마인크래프트.cpp */ = {isa = PBXFileReference; lastKnownFileType = sourcecode.cpp.cpp; path = "18111_마인크래프트.cpp"; sourceTree = "<group>"; };
		985A515F26B3A6F8000B2729 /* 1199_오일러회로.cpp */ = {isa = PBXFileReference; lastKnownFileType = sourcecode.cpp.cpp; path = "1199_오일러회로.cpp"; sourceTree = "<group>"; };
		9861E91526E06FA300DDDD40 /* 1766_문제집.cpp */ = {isa = PBXFileReference; lastKnownFileType = sourcecode.cpp.cpp; path = "1766_문제집.cpp"; sourceTree = "<group>"; };
		9862035526CDE6B6007DA794 /* 17413_단어뒤집기2.cpp */ = {isa = PBXFileReference; lastKnownFileType = sourcecode.cpp.cpp; path = "17413_단어뒤집기2.cpp"; sourceTree = "<group>"; };
		9864F2C3274FD6FC006ED156 /* codeforce756_a.cpp */ = {isa = PBXFileReference; lastKnownFileType = sourcecode.cpp.cpp; path = codeforce756_a.cpp; sourceTree = "<group>"; };
		9864F2C5274FDB70006ED156 /* codeforce756_b.cpp */ = {isa = PBXFileReference; lastKnownFileType = sourcecode.cpp.cpp; path = codeforce756_b.cpp; sourceTree = "<group>"; };
		986B964D270EE3F600B4BE3D /* 1937_욕심쟁이판다.cpp */ = {isa = PBXFileReference; lastKnownFileType = sourcecode.cpp.cpp; path = "1937_욕심쟁이판다.cpp"; sourceTree = "<group>"; };
		986B964F270EEECC00B4BE3D /* 1764_듣보잡.cpp */ = {isa = PBXFileReference; lastKnownFileType = sourcecode.cpp.cpp; path = "1764_듣보잡.cpp"; sourceTree = "<group>"; };
		9871E9D126CF43CD0025D962 /* 16916_부분문자열.cpp */ = {isa = PBXFileReference; lastKnownFileType = sourcecode.cpp.cpp; path = "16916_부분문자열.cpp"; sourceTree = "<group>"; };
		987349A126C785B300080E9C /* 8911_거북이.cpp */ = {isa = PBXFileReference; lastKnownFileType = sourcecode.cpp.cpp; path = "8911_거북이.cpp"; sourceTree = "<group>"; };
		987349A426C78B3000080E9C /* 8901_화학제품.cpp */ = {isa = PBXFileReference; lastKnownFileType = sourcecode.cpp.cpp; path = "8901_화학제품.cpp"; sourceTree = "<group>"; };
		987349A626C7AB1500080E9C /* 8905_리트.cpp */ = {isa = PBXFileReference; lastKnownFileType = sourcecode.cpp.cpp; path = "8905_리트.cpp"; sourceTree = "<group>"; };
		9875D8CE26D1162B008E6D06 /* 10773_제로.cpp */ = {isa = PBXFileReference; lastKnownFileType = sourcecode.cpp.cpp; path = "10773_제로.cpp"; sourceTree = "<group>"; };
		9876D54E264799B600A3823D /* 유기농배추.cpp */ = {isa = PBXFileReference; lastKnownFileType = sourcecode.cpp.cpp; path = "유기농배추.cpp"; sourceTree = "<group>"; };
		9876D5512647B51E00A3823D /* 줄세우기.cpp */ = {isa = PBXFileReference; lastKnownFileType = sourcecode.cpp.cpp; path = "줄세우기.cpp"; sourceTree = "<group>"; };
		987DFD1826E4B461004AAFC6 /* 12015_가장긴증가하는부분수열2.cpp */ = {isa = PBXFileReference; lastKnownFileType = sourcecode.cpp.cpp; path = "12015_가장긴증가하는부분수열2.cpp"; sourceTree = "<group>"; };
		987DFD1A26E4C4E1004AAFC6 /* 14502_연구소.cpp */ = {isa = PBXFileReference; lastKnownFileType = sourcecode.cpp.cpp; path = "14502_연구소.cpp"; sourceTree = "<group>"; };
		987FE3A926F1D04E00EB9809 /* 11003_최솟값찾기.cpp */ = {isa = PBXFileReference; lastKnownFileType = sourcecode.cpp.cpp; path = "11003_최솟값찾기.cpp"; sourceTree = "<group>"; };
		987FE3AB26F2FF8600EB9809 /* 1967_트리의지름.cpp */ = {isa = PBXFileReference; lastKnownFileType = sourcecode.cpp.cpp; path = "1967_트리의지름.cpp"; sourceTree = "<group>"; };
		9883345526E1C6D900E02E44 /* 14425_문자열집합.cpp */ = {isa = PBXFileReference; lastKnownFileType = sourcecode.cpp.cpp; path = "14425_문자열집합.cpp"; sourceTree = "<group>"; };
		988458BD2681E32A00BA64E7 /* 2493_탑.cpp */ = {isa = PBXFileReference; lastKnownFileType = sourcecode.cpp.cpp; path = "2493_탑.cpp"; sourceTree = "<group>"; };
		988C9DE4279148A500528425 /* 2618_경찰차.cpp */ = {isa = PBXFileReference; lastKnownFileType = sourcecode.cpp.cpp; path = "2618_경찰차.cpp"; sourceTree = "<group>"; };
		988C9DE62791C5E700528425 /* 11659_구간합구하기4.cpp */ = {isa = PBXFileReference; lastKnownFileType = sourcecode.cpp.cpp; path = "11659_구간합구하기4.cpp"; sourceTree = "<group>"; };
		988EFBAB27928C2B00825D04 /* 1.cpp */ = {isa = PBXFileReference; lastKnownFileType = sourcecode.cpp.cpp; path = 1.cpp; sourceTree = "<group>"; };
		988EFBAD27928EB800825D04 /* 2.cpp */ = {isa = PBXFileReference; lastKnownFileType = sourcecode.cpp.cpp; path = 2.cpp; sourceTree = "<group>"; };
		988EFBAF27929D3C00825D04 /* 3.cpp */ = {isa = PBXFileReference; lastKnownFileType = sourcecode.cpp.cpp; path = 3.cpp; sourceTree = "<group>"; };
		9892DD4826CDED23009E9257 /* 17609_회문.cpp */ = {isa = PBXFileReference; lastKnownFileType = sourcecode.cpp.cpp; path = "17609_회문.cpp"; sourceTree = "<group>"; };
		98967294268313C100025DF1 /* 4949_균형잡힌세상.cpp */ = {isa = PBXFileReference; lastKnownFileType = sourcecode.cpp.cpp; path = "4949_균형잡힌세상.cpp"; sourceTree = "<group>"; };
		989672972683886700025DF1 /* 18870_좌표압축.cpp */ = {isa = PBXFileReference; lastKnownFileType = sourcecode.cpp.cpp; path = "18870_좌표압축.cpp"; sourceTree = "<group>"; };
		9896729A268464D500025DF1 /* 1149_RGB거리.cpp */ = {isa = PBXFileReference; lastKnownFileType = sourcecode.cpp.cpp; path = "1149_RGB거리.cpp"; sourceTree = "<group>"; };
		989724CF26953B2A007ABB06 /* 1484_다이어트.cpp */ = {isa = PBXFileReference; lastKnownFileType = sourcecode.cpp.cpp; path = "1484_다이어트.cpp"; sourceTree = "<group>"; };
		989BE0FD2783D0830018A678 /* 2003_수들의합2.cpp */ = {isa = PBXFileReference; lastKnownFileType = sourcecode.cpp.cpp; path = "2003_수들의합2.cpp"; sourceTree = "<group>"; };
		989BE0FF27840DE90018A678 /* 1806_부분합.cpp */ = {isa = PBXFileReference; lastKnownFileType = sourcecode.cpp.cpp; path = "1806_부분합.cpp"; sourceTree = "<group>"; };
		989BE1012784182B0018A678 /* 2805_나무자르기.cpp */ = {isa = PBXFileReference; lastKnownFileType = sourcecode.cpp.cpp; path = "2805_나무자르기.cpp"; sourceTree = "<group>"; };
		989BE1032784367E0018A678 /* 2842_집배원한상덕.cpp */ = {isa = PBXFileReference; lastKnownFileType = sourcecode.cpp.cpp; path = "2842_집배원한상덕.cpp"; sourceTree = "<group>"; };
		989F2697278E87E60005CCC2 /* 11438_LCA2.cpp */ = {isa = PBXFileReference; lastKnownFileType = sourcecode.cpp.cpp; path = 11438_LCA2.cpp; sourceTree = "<group>"; };
		989F2699278EA5040005CCC2 /* 1854_k번째최단경로찾기.cpp */ = {isa = PBXFileReference; lastKnownFileType = sourcecode.cpp.cpp; path = "1854_k번째최단경로찾기.cpp"; sourceTree = "<group>"; };
		989F269B278FA7AC0005CCC2 /* 1932_정수삼각형.cpp */ = {isa = PBXFileReference; lastKnownFileType = sourcecode.cpp.cpp; path = "1932_정수삼각형.cpp"; sourceTree = "<group>"; };
		989F269D278FB8BC0005CCC2 /* 11660_구간합구하기5.cpp */ = {isa = PBXFileReference; lastKnownFileType = sourcecode.cpp.cpp; path = "11660_구간합구하기5.cpp"; sourceTree = "<group>"; };
		989F269F278FBF2B0005CCC2 /* 2517_달리기.cpp */ = {isa = PBXFileReference; lastKnownFileType = sourcecode.cpp.cpp; path = "2517_달리기.cpp"; sourceTree = "<group>"; };
		989F26A1278FE4DF0005CCC2 /* 2579_계단오르기.cpp */ = {isa = PBXFileReference; lastKnownFileType = sourcecode.cpp.cpp; path = "2579_계단오르기.cpp"; sourceTree = "<group>"; };
		989F26A3278FF2E70005CCC2 /* 5582_공통부분문자열.cpp */ = {isa = PBXFileReference; lastKnownFileType = sourcecode.cpp.cpp; path = "5582_공통부분문자열.cpp"; sourceTree = "<group>"; };
		989F26A6278FFB6B0005CCC2 /* 9252_LCS2.cpp */ = {isa = PBXFileReference; lastKnownFileType = sourcecode.cpp.cpp; path = 9252_LCS2.cpp; sourceTree = "<group>"; };
		98A6C69526C1548300C574F4 /* 9015_정사각형.cpp */ = {isa = PBXFileReference; lastKnownFileType = sourcecode.cpp.cpp; path = "9015_정사각형.cpp"; sourceTree = "<group>"; };
		98A7A467279EBD62007B7808 /* 10815_숫자카드.cpp */ = {isa = PBXFileReference; lastKnownFileType = sourcecode.cpp.cpp; path = "10815_숫자카드.cpp"; sourceTree = "<group>"; };
		98A7A469279EC850007B7808 /* 1992_쿼드트리.cpp */ = {isa = PBXFileReference; lastKnownFileType = sourcecode.cpp.cpp; path = "1992_쿼드트리.cpp"; sourceTree = "<group>"; };
		98A7A46B279ED02D007B7808 /* 17829_풀링.cpp */ = {isa = PBXFileReference; lastKnownFileType = sourcecode.cpp.cpp; path = "17829_풀링.cpp"; sourceTree = "<group>"; };
		98A943DA26F57EBD00C7A317 /* 2941_크로아티아알파벳.cpp */ = {isa = PBXFileReference; lastKnownFileType = sourcecode.cpp.cpp; path = "2941_크로아티아알파벳.cpp"; sourceTree = "<group>"; };
		98A943DD26F5BF7A00C7A317 /* 3673_나눌수있는부분수열.cpp */ = {isa = PBXFileReference; lastKnownFileType = sourcecode.cpp.cpp; path = "3673_나눌수있는부분수열.cpp"; sourceTree = "<group>"; };
		98AF0977270FE468005668F6 /* 11952_좀비.cpp */ = {isa = PBXFileReference; lastKnownFileType = sourcecode.cpp.cpp; path = "11952_좀비.cpp"; sourceTree = "<group>"; };
		98AF099B27104601005668F6 /* ProjectTeams.cpp */ = {isa = PBXFileReference; lastKnownFileType = sourcecode.cpp.cpp; path = ProjectTeams.cpp; sourceTree = "<group>"; };
		98C84C21279999CF00F682D1 /* 2517_달리기.cpp */ = {isa = PBXFileReference; lastKnownFileType = sourcecode.cpp.cpp; path = "2517_달리기.cpp"; sourceTree = "<group>"; };
		98C9634326F475CB00E99E16 /* 1005_ACMCraft.cpp */ = {isa = PBXFileReference; lastKnownFileType = sourcecode.cpp.cpp; path = 1005_ACMCraft.cpp; sourceTree = "<group>"; };
		98CB56FD2739816800028CB8 /* NAMING.cpp */ = {isa = PBXFileReference; lastKnownFileType = sourcecode.cpp.cpp; path = NAMING.cpp; sourceTree = "<group>"; };
		98CB56FF273A07B300028CB8 /* 1254_팰린드롬만들기.cpp */ = {isa = PBXFileReference; lastKnownFileType = sourcecode.cpp.cpp; path = "1254_팰린드롬만들기.cpp"; sourceTree = "<group>"; };
		98CD8B56273A857500A62748 /* 1701_Cubeditor.cpp */ = {isa = PBXFileReference; lastKnownFileType = sourcecode.cpp.cpp; path = 1701_Cubeditor.cpp; sourceTree = "<group>"; };
		98CD8B58273A985600A62748 /* 5972_택배배송.cpp */ = {isa = PBXFileReference; lastKnownFileType = sourcecode.cpp.cpp; path = "5972_택배배송.cpp"; sourceTree = "<group>"; };
		98D2E3A3273C1D58003CBCFE /* 1647_도시분할계획.cpp */ = {isa = PBXFileReference; lastKnownFileType = sourcecode.cpp.cpp; path = "1647_도시분할계획.cpp"; sourceTree = "<group>"; };
		98DA6F82265DF896008BD8FF /* 그대그머가되어.cpp */ = {isa = PBXFileReference; lastKnownFileType = sourcecode.cpp.cpp; path = "그대그머가되어.cpp"; sourceTree = "<group>"; };
		98DA6F84265E0A34008BD8FF /* 데크.cpp */ = {isa = PBXFileReference; lastKnownFileType = sourcecode.cpp.cpp; path = "데크.cpp"; sourceTree = "<group>"; };
		98DD5EA527520372007B1AF4 /* 22986_Flatearth.cpp */ = {isa = PBXFileReference; lastKnownFileType = sourcecode.cpp.cpp; path = 22986_Flatearth.cpp; sourceTree = "<group>"; };
		98E5079926B27A3F00AEA2EA /* 1918_후위표기식.cpp */ = {isa = PBXFileReference; lastKnownFileType = sourcecode.cpp.cpp; path = "1918_후위표기식.cpp"; sourceTree = "<group>"; };
		98E8E7C9279CF1E400E54FAE /* 1041_주사위.cpp */ = {isa = PBXFileReference; lastKnownFileType = sourcecode.cpp.cpp; path = "1041_주사위.cpp"; sourceTree = "<group>"; };
		98E8E7CB279DA2D500E54FAE /* 1092_배.cpp */ = {isa = PBXFileReference; lastKnownFileType = sourcecode.cpp.cpp; path = "1092_배.cpp"; sourceTree = "<group>"; };
		98EA907C26A7D7FC002591DF /* 1012_유기농배추.cpp */ = {isa = PBXFileReference; lastKnownFileType = sourcecode.cpp.cpp; path = "1012_유기농배추.cpp"; sourceTree = "<group>"; };
		98ED3B8D27A062EE007C7E0A /* 3020_개똥벌레.cpp */ = {isa = PBXFileReference; lastKnownFileType = sourcecode.cpp.cpp; path = "3020_개똥벌레.cpp"; sourceTree = "<group>"; };
		98ED5CA72787D6020002C8DA /* 11051_이항계수2.cpp */ = {isa = PBXFileReference; lastKnownFileType = sourcecode.cpp.cpp; path = "11051_이항계수2.cpp"; sourceTree = "<group>"; };
		98ED5CA9278809F30002C8DA /* 5568_카드놓기.cpp */ = {isa = PBXFileReference; lastKnownFileType = sourcecode.cpp.cpp; path = "5568_카드놓기.cpp"; sourceTree = "<group>"; };
		98ED5CAB27881C5D0002C8DA /* 5573_산책.cpp */ = {isa = PBXFileReference; lastKnownFileType = sourcecode.cpp.cpp; path = "5573_산책.cpp"; sourceTree = "<group>"; };
		98ED5CAD2788244C0002C8DA /* 15686_치킨배달.cpp */ = {isa = PBXFileReference; lastKnownFileType = sourcecode.cpp.cpp; path = "15686_치킨배달.cpp"; sourceTree = "<group>"; };
		98EE2B9626D720B000FF75DF /* 13458_시험감독.cpp */ = {isa = PBXFileReference; lastKnownFileType = sourcecode.cpp.cpp; path = "13458_시험감독.cpp"; sourceTree = "<group>"; };
		98EE2B9C26D7364500FF75DF /* 11723_집합.cpp */ = {isa = PBXFileReference; lastKnownFileType = sourcecode.cpp.cpp; path = "11723_집합.cpp"; sourceTree = "<group>"; };
		98EF46C9274563E0002CCB61 /* 1068_트리.cpp */ = {isa = PBXFileReference; lastKnownFileType = sourcecode.cpp.cpp; path = "1068_트리.cpp"; sourceTree = "<group>"; };
		98F5447E26BF9B200093662D /* 1.cpp */ = {isa = PBXFileReference; lastKnownFileType = sourcecode.cpp.cpp; path = 1.cpp; sourceTree = "<group>"; };
		98F5448026BFA28D0093662D /* 8.cpp */ = {isa = PBXFileReference; lastKnownFileType = sourcecode.cpp.cpp; path = 8.cpp; sourceTree = "<group>"; };
		98F5448226BFA7EB0093662D /* 6.cpp */ = {isa = PBXFileReference; lastKnownFileType = sourcecode.cpp.cpp; path = 6.cpp; sourceTree = "<group>"; };
		98F5448426BFBE680093662D /* 7.cpp */ = {isa = PBXFileReference; lastKnownFileType = sourcecode.cpp.cpp; path = 7.cpp; sourceTree = "<group>"; };
		98F627CF2747FEB100D62D91 /* 4386_별자리만들기.cpp */ = {isa = PBXFileReference; lastKnownFileType = sourcecode.cpp.cpp; path = "4386_별자리만들기.cpp"; sourceTree = "<group>"; };
		98F627D12748993D00D62D91 /* 2665_미로만들기.cpp */ = {isa = PBXFileReference; lastKnownFileType = sourcecode.cpp.cpp; path = "2665_미로만들기.cpp"; sourceTree = "<group>"; };
		98F8672F26981BC700C0D977 /* 10942_팰린드롬.cpp */ = {isa = PBXFileReference; lastKnownFileType = sourcecode.cpp.cpp; path = "10942_팰린드롬.cpp"; sourceTree = "<group>"; };
		98FADB7925F5D63500EE672A /* 가장큰정사각형.cpp */ = {isa = PBXFileReference; lastKnownFileType = sourcecode.cpp.cpp; path = "가장큰정사각형.cpp"; sourceTree = "<group>"; };
/* End PBXFileReference section */

/* Begin PBXFrameworksBuildPhase section */
		98055B7425C6BDA50001C487 /* Frameworks */ = {
			isa = PBXFrameworksBuildPhase;
			buildActionMask = 2147483647;
			files = (
			);
			runOnlyForDeploymentPostprocessing = 0;
		};
/* End PBXFrameworksBuildPhase section */

/* Begin PBXGroup section */
		980008CE2692CADD0066DC1C /* graph */ = {
			isa = PBXGroup;
			children = (
				980008CF2692CAF50066DC1C /* 1167트리의지름.cpp */,
				982BBAA1269D34B500E260AF /* 9663_nqueen.cpp */,
				985200EE27835C740023E7D7 /* 9663_nqueen_.cpp */,
				989F269F278FBF2B0005CCC2 /* 2517_달리기.cpp */,
				98EA907C26A7D7FC002591DF /* 1012_유기농배추.cpp */,
				9852C32B278BBBCF00E469B5 /* 1717_집합의표현.cpp */,
				985A515F26B3A6F8000B2729 /* 1199_오일러회로.cpp */,
				9800727826B8F7A3001056A6 /* 1238_파티.cpp */,
				9852C333278D18D500E469B5 /* 다익스트라.cpp */,
				9852C337278D44CF00E469B5 /* 11404_플로이드.cpp */,
				9835FF8526C35E580001AD9B /* 9025_Widest Path.cpp */,
				9852C32D278BEBBD00E469B5 /* 1922_네트워크연결.cpp */,
				98162D5C26D4F49D008D401D /* 1260_DFS와BFS.cpp */,
				98162DB126D5D55D008D401D /* 13460_구슬탈출2.cpp */,
				9852C32F278C0F3D00E469B5 /* 2252_줄세우기.cpp */,
				98162DB326D603B3008D401D /* 13459_구슬탈출.cpp */,
				987DFD1A26E4C4E1004AAFC6 /* 14502_연구소.cpp */,
				985200F027835CFB0023E7D7 /* 1039_교환.cpp */,
				9852C339278D5DFE00E469B5 /* 5719_거의최단경로.cpp */,
				981A714C26E99D4E00EAD1DC /* 20040_사이클게임.cpp */,
				987FE3AB26F2FF8600EB9809 /* 1967_트리의지름.cpp */,
				9852C331278C168600E469B5 /* 1516_게임개발.cpp */,
				9852C335278D1EEF00E469B5 /* 1753_최단경로.cpp */,
				98C9634326F475CB00E99E16 /* 1005_ACMCraft.cpp */,
				9850DAFD270DAFB00035DE0C /* 1697_숨바꼭질.cpp */,
				9852C33B278D6F5200E469B5 /* 2458_키순서.cpp */,
				986B964D270EE3F600B4BE3D /* 1937_욕심쟁이판다.cpp */,
				98AF0977270FE468005668F6 /* 11952_좀비.cpp */,
				989F2697278E87E60005CCC2 /* 11438_LCA2.cpp */,
				98CD8B58273A985600A62748 /* 5972_택배배송.cpp */,
				98D2E3A3273C1D58003CBCFE /* 1647_도시분할계획.cpp */,
				98F627CF2747FEB100D62D91 /* 4386_별자리만들기.cpp */,
				98F627D12748993D00D62D91 /* 2665_미로만들기.cpp */,
			);
			path = graph;
			sourceTree = "<group>";
		};
		98055B6E25C6BDA50001C487 = {
			isa = PBXGroup;
			children = (
				9821A1DD27A3D0B5007FF1D9 /* dijkstra */,
				988EFBAA27928C1000825D04 /* shake2022 */,
				98A7A466279EBD41007B7808 /* devide&conquer */,
				983E588627858B7C003EE7BE /* priorityqueue */,
				983E588327857B09003EE7BE /* indextree */,
				989BE0FC2783D06A0018A678 /* twopointer */,
				98DD5EA427520354007B1AF4 /* math */,
				98CB56FC2739813F00028CB8 /* AOJ */,
				982BF972270BD9A0008D8BEA /* backtracking */,
				982BF96F270AD8E1008D8BEA /* ICPC */,
				982BF96C2709696C008D8BEA /* C_lang */,
				98A943DC26F5BF5F00C7A317 /* prefixsum */,
				987FE3A826F1D03500EB9809 /* deque */,
				987DFD1726E4B449004AAFC6 /* binarysearch */,
				9883345426E1C6A500E02E44 /* trie */,
				9861E91426E06F9400DDDD40 /* sort */,
				98EE2B9B26D7362B00FF75DF /* bitmask */,
				987349A326C78B1400080E9C /* bruteforce */,
				98A6C69426C1545F00C574F4 /* geometry */,
				98F5447D26BF96A00093662D /* SW_group */,
				9806A1FE26A507720013449E /* tree */,
				9806A1F426A11EFC0013449E /* string */,
				989724CE26953B09007ABB06 /* greedy */,
				980008CE2692CADD0066DC1C /* graph */,
				98967299268464B500025DF1 /* dp */,
				989672962683884200025DF1 /* etc */,
				988458BC2681E31300BA64E7 /* stack */,
				98055B7925C6BDA60001C487 /* acmicpc */,
				98055B7825C6BDA60001C487 /* Products */,
			);
			sourceTree = "<group>";
		};
		98055B7825C6BDA60001C487 /* Products */ = {
			isa = PBXGroup;
			children = (
				98055B7725C6BDA60001C487 /* acmicpc */,
			);
			name = Products;
			sourceTree = "<group>";
		};
		98055B7925C6BDA60001C487 /* acmicpc */ = {
			isa = PBXGroup;
			children = (
				98055B7A25C6BDA60001C487 /* main.cpp */,
				982B028B25F3C46900054C1E /* 특정한최단경로.cpp */,
				98FADB7925F5D63500EE672A /* 가장큰정사각형.cpp */,
				98333EEA26424E2A0074B204 /* 타일채우기.cpp */,
				98333EF026425FA30074B204 /* 2xn타일링2.cpp */,
				9876D54E264799B600A3823D /* 유기농배추.cpp */,
				9876D5512647B51E00A3823D /* 줄세우기.cpp */,
				984C29BC264AA39E00684731 /* 오일러회로.cpp */,
				984C29BE264AB2C300684731 /* 연구소2.cpp */,
				9805DF07264E389100991EED /* 토마토.cpp */,
				98DA6F82265DF896008BD8FF /* 그대그머가되어.cpp */,
				98DA6F84265E0A34008BD8FF /* 데크.cpp */,
			);
			path = acmicpc;
			sourceTree = "<group>";
		};
		9806A1F426A11EFC0013449E /* string */ = {
			isa = PBXGroup;
			children = (
				9806A1F526A11F130013449E /* 9935_문자열폭발.cpp */,
				987349A626C7AB1500080E9C /* 8905_리트.cpp */,
				98CD8B56273A857500A62748 /* 1701_Cubeditor.cpp */,
				9838BE7526CA36E2007D3735 /* 1541_잃어버린괄호.cpp */,
				9862035526CDE6B6007DA794 /* 17413_단어뒤집기2.cpp */,
				9892DD4826CDED23009E9257 /* 17609_회문.cpp */,
				9871E9D126CF43CD0025D962 /* 16916_부분문자열.cpp */,
				9823223226EF09D7009130AB /* 10809_알파벳찾기.cpp */,
				98A943DA26F57EBD00C7A317 /* 2941_크로아티아알파벳.cpp */,
				981DA9E32702AF490075B7F4 /* 1316_그룹단어체커.cpp */,
				986B964F270EEECC00B4BE3D /* 1764_듣보잡.cpp */,
				981FBBB42711364B002A1FDF /* 5525_IOIOI.cpp */,
				98CB56FF273A07B300028CB8 /* 1254_팰린드롬만들기.cpp */,
			);
			path = string;
			sourceTree = "<group>";
		};
		9806A1FE26A507720013449E /* tree */ = {
			isa = PBXGroup;
			children = (
				9806A1FF26A507990013449E /* 11437_LCA.cpp */,
				9806A20126A5261E0013449E /* 3584_가장가까운공통조상.cpp */,
				98EF46C9274563E0002CCB61 /* 1068_트리.cpp */,
			);
			path = tree;
			sourceTree = "<group>";
		};
		9821A1DD27A3D0B5007FF1D9 /* dijkstra */ = {
			isa = PBXGroup;
			children = (
				989F2699278EA5040005CCC2 /* 1854_k번째최단경로찾기.cpp */,
				9821A1DE27A3D0CE007FF1D9 /* 4485_녹색옷입은애가젤다지.cpp */,
			);
			path = dijkstra;
			sourceTree = "<group>";
		};
		982BF96C2709696C008D8BEA /* C_lang */ = {
			isa = PBXGroup;
			children = (
				982BF96D270969AB008D8BEA /* hw2.c */,
			);
			path = C_lang;
			sourceTree = "<group>";
		};
		982BF96F270AD8E1008D8BEA /* ICPC */ = {
			isa = PBXGroup;
			children = (
				982BF970270AD8FA008D8BEA /* 2020_F_Escaping.cpp */,
				98AF099B27104601005668F6 /* ProjectTeams.cpp */,
			);
			path = ICPC;
			sourceTree = "<group>";
		};
		982BF972270BD9A0008D8BEA /* backtracking */ = {
			isa = PBXGroup;
			children = (
				982BF973270BD9B3008D8BEA /* 2922_즐거운단어.cpp */,
			);
			path = backtracking;
			sourceTree = "<group>";
		};
		983E588327857B09003EE7BE /* indextree */ = {
			isa = PBXGroup;
			children = (
				983E588427857B2A003EE7BE /* 2042_구간합구하기.cpp */,
				983E58892786ADA6003EE7BE /* 1275_커피숍2.cpp */,
				980B4905279B04F200A46824 /* 2243_사탕상자.cpp */,
				98C84C21279999CF00F682D1 /* 2517_달리기.cpp */,
				983E588B2786C2EA003EE7BE /* 2094_강수량.cpp */,
			);
			path = indextree;
			sourceTree = "<group>";
		};
		983E588627858B7C003EE7BE /* priorityqueue */ = {
			isa = PBXGroup;
			children = (
				983E588727858B90003EE7BE /* 1655_가운데를말해요.cpp */,
			);
			path = priorityqueue;
			sourceTree = "<group>";
		};
		9861E91426E06F9400DDDD40 /* sort */ = {
			isa = PBXGroup;
			children = (
				9861E91526E06FA300DDDD40 /* 1766_문제집.cpp */,
			);
			path = sort;
			sourceTree = "<group>";
		};
		987349A326C78B1400080E9C /* bruteforce */ = {
			isa = PBXGroup;
			children = (
				987349A426C78B3000080E9C /* 8901_화학제품.cpp */,
				9853DE3E26D9F72F0051C6BC /* 1025_제곱수찾기.cpp */,
				980B4903279AE89500A46824 /* 1038_감소하는수.cpp */,
				9859A65927985D4700FB5640 /* 18111_마인크래프트.cpp */,
				9816BC082795825B001942FC /* 1535_안녕.cpp */,
				982676A526DE20C3007D9D85 /* 21278_호석이두마리치킨.cpp */,
				98ED5CAD2788244C0002C8DA /* 15686_치킨배달.cpp */,
			);
			path = bruteforce;
			sourceTree = "<group>";
		};
		987DFD1726E4B449004AAFC6 /* binarysearch */ = {
			isa = PBXGroup;
			children = (
				987DFD1826E4B461004AAFC6 /* 12015_가장긴증가하는부분수열2.cpp */,
				989BE1012784182B0018A678 /* 2805_나무자르기.cpp */,
				98ED3B8D27A062EE007C7E0A /* 3020_개똥벌레.cpp */,
				9821A1D927A27C31007FF1D9 /* 3020_개똥벌레_ans.cpp */,
			);
			path = binarysearch;
			sourceTree = "<group>";
		};
		987FE3A826F1D03500EB9809 /* deque */ = {
			isa = PBXGroup;
			children = (
				987FE3A926F1D04E00EB9809 /* 11003_최솟값찾기.cpp */,
			);
			path = deque;
			sourceTree = "<group>";
		};
		9883345426E1C6A500E02E44 /* trie */ = {
			isa = PBXGroup;
			children = (
				9883345526E1C6D900E02E44 /* 14425_문자열집합.cpp */,
				985599CA26E7627A001DDA68 /* 5052_전화번호목록.cpp */,
			);
			path = trie;
			sourceTree = "<group>";
		};
		988458BC2681E31300BA64E7 /* stack */ = {
			isa = PBXGroup;
			children = (
				988458BD2681E32A00BA64E7 /* 2493_탑.cpp */,
				98967294268313C100025DF1 /* 4949_균형잡힌세상.cpp */,
				985200F127835D130023E7D7 /* 3425_고스택.cpp */,
				98E5079926B27A3F00AEA2EA /* 1918_후위표기식.cpp */,
				9875D8CE26D1162B008E6D06 /* 10773_제로.cpp */,
			);
			path = stack;
			sourceTree = "<group>";
		};
		988EFBAA27928C1000825D04 /* shake2022 */ = {
			isa = PBXGroup;
			children = (
				988EFBAB27928C2B00825D04 /* 1.cpp */,
				988EFBAD27928EB800825D04 /* 2.cpp */,
				988EFBAF27929D3C00825D04 /* 3.cpp */,
			);
			path = shake2022;
			sourceTree = "<group>";
		};
		989672962683884200025DF1 /* etc */ = {
			isa = PBXGroup;
			children = (
				989672972683886700025DF1 /* 18870_좌표압축.cpp */,
				980008D12693DAFE0066DC1C /* 15650_n과m2.cpp */,
				982BBAA5269FD52500E260AF /* 14499_주사위굴리기.cpp */,
				982BBAA726A06B5300E260AF /* test.cpp */,
				982BBAA926A06BA000E260AF /* test_c.c */,
				9806A1F826A295DF0013449E /* blank.cpp */,
				987349A126C785B300080E9C /* 8911_거북이.cpp */,
				98EE2B9626D720B000FF75DF /* 13458_시험감독.cpp */,
				9864F2C3274FD6FC006ED156 /* codeforce756_a.cpp */,
				9864F2C5274FDB70006ED156 /* codeforce756_b.cpp */,
			);
			path = etc;
			sourceTree = "<group>";
		};
		98967299268464B500025DF1 /* dp */ = {
			isa = PBXGroup;
			children = (
				9896729A268464D500025DF1 /* 1149_RGB거리.cpp */,
				98F8672F26981BC700C0D977 /* 10942_팰린드롬.cpp */,
				989F26A1278FE4DF0005CCC2 /* 2579_계단오르기.cpp */,
				989F26A6278FFB6B0005CCC2 /* 9252_LCS2.cpp */,
				989F26A3278FF2E70005CCC2 /* 5582_공통부분문자열.cpp */,
				988C9DE62791C5E700528425 /* 11659_구간합구하기4.cpp */,
				989F269B278FA7AC0005CCC2 /* 1932_정수삼각형.cpp */,
				9806E64B2699E63300711DAC /* 9184_신나는함수실행.cpp */,
				989F269D278FB8BC0005CCC2 /* 11660_구간합구하기5.cpp */,
				988C9DE4279148A500528425 /* 2618_경찰차.cpp */,
				9800727426B7A397001056A6 /* 1912_연속합.cpp */,
				981DA9E52702B2E90075B7F4 /* 12015_가장긴증가하는부분수열2.cpp */,
				9833A7642706A90F000951CC /* 12852_1로만들기2.cpp */,
			);
			path = dp;
			sourceTree = "<group>";
		};
		989724CE26953B09007ABB06 /* greedy */ = {
			isa = PBXGroup;
			children = (
				989724CF26953B2A007ABB06 /* 1484_다이어트.cpp */,
				9816BC0A27958CDA001942FC /* 2012_등수매기기.cpp */,
				98E8E7C9279CF1E400E54FAE /* 1041_주사위.cpp */,
				98E8E7CB279DA2D500E54FAE /* 1092_배.cpp */,
				9800727626B7C576001056A6 /* 1461_도서관.cpp */,
			);
			path = greedy;
			sourceTree = "<group>";
		};
		989BE0FC2783D06A0018A678 /* twopointer */ = {
			isa = PBXGroup;
			children = (
				989BE0FD2783D0830018A678 /* 2003_수들의합2.cpp */,
				983E588D2786D18C003EE7BE /* 3020_개똥벌레.cpp */,
				983E588F2786D858003EE7BE /* 1644_소수의연속합.cpp */,
				989BE1032784367E0018A678 /* 2842_집배원한상덕.cpp */,
				989BE0FF27840DE90018A678 /* 1806_부분합.cpp */,
			);
			path = twopointer;
			sourceTree = "<group>";
		};
		98A6C69426C1545F00C574F4 /* geometry */ = {
			isa = PBXGroup;
			children = (
				98A6C69526C1548300C574F4 /* 9015_정사각형.cpp */,
			);
			path = geometry;
			sourceTree = "<group>";
		};
		98A7A466279EBD41007B7808 /* devide&conquer */ = {
			isa = PBXGroup;
			children = (
				98A7A467279EBD62007B7808 /* 10815_숫자카드.cpp */,
				98A7A469279EC850007B7808 /* 1992_쿼드트리.cpp */,
				98A7A46B279ED02D007B7808 /* 17829_풀링.cpp */,
			);
			path = "devide&conquer";
			sourceTree = "<group>";
		};
		98A943DC26F5BF5F00C7A317 /* prefixsum */ = {
			isa = PBXGroup;
			children = (
				98A943DD26F5BF7A00C7A317 /* 3673_나눌수있는부분수열.cpp */,
			);
			path = prefixsum;
			sourceTree = "<group>";
		};
		98CB56FC2739813F00028CB8 /* AOJ */ = {
			isa = PBXGroup;
			children = (
				98CB56FD2739816800028CB8 /* NAMING.cpp */,
			);
			path = AOJ;
			sourceTree = "<group>";
		};
		98DD5EA427520354007B1AF4 /* math */ = {
			isa = PBXGroup;
			children = (
				98DD5EA527520372007B1AF4 /* 22986_Flatearth.cpp */,
				983E58912786DEEC003EE7BE /* 2725_보이는점의개수.cpp */,
				98ED5CA9278809F30002C8DA /* 5568_카드놓기.cpp */,
				98ED5CAB27881C5D0002C8DA /* 5573_산책.cpp */,
				98ED5CA72787D6020002C8DA /* 11051_이항계수2.cpp */,
			);
			path = math;
			sourceTree = "<group>";
		};
		98EE2B9B26D7362B00FF75DF /* bitmask */ = {
			isa = PBXGroup;
			children = (
				98EE2B9C26D7364500FF75DF /* 11723_집합.cpp */,
				9819599426FDBDA6008DB8DC /* 2098_외판원순회.cpp */,
			);
			path = bitmask;
			sourceTree = "<group>";
		};
		98F5447D26BF96A00093662D /* SW_group */ = {
			isa = PBXGroup;
			children = (
				98F5447E26BF9B200093662D /* 1.cpp */,
				98F5448026BFA28D0093662D /* 8.cpp */,
				98F5448226BFA7EB0093662D /* 6.cpp */,
				98F5448426BFBE680093662D /* 7.cpp */,
			);
			path = SW_group;
			sourceTree = "<group>";
		};
/* End PBXGroup section */

/* Begin PBXNativeTarget section */
		98055B7625C6BDA50001C487 /* acmicpc */ = {
			isa = PBXNativeTarget;
			buildConfigurationList = 98055B7E25C6BDA60001C487 /* Build configuration list for PBXNativeTarget "acmicpc" */;
			buildPhases = (
				98055B7325C6BDA50001C487 /* Sources */,
				98055B7425C6BDA50001C487 /* Frameworks */,
				98055B7525C6BDA50001C487 /* CopyFiles */,
			);
			buildRules = (
			);
			dependencies = (
			);
			name = acmicpc;
			productName = acmicpc;
			productReference = 98055B7725C6BDA60001C487 /* acmicpc */;
			productType = "com.apple.product-type.tool";
		};
/* End PBXNativeTarget section */

/* Begin PBXProject section */
		98055B6F25C6BDA50001C487 /* Project object */ = {
			isa = PBXProject;
			attributes = {
				LastUpgradeCheck = 1250;
				TargetAttributes = {
					98055B7625C6BDA50001C487 = {
						CreatedOnToolsVersion = 12.4;
					};
				};
			};
			buildConfigurationList = 98055B7225C6BDA50001C487 /* Build configuration list for PBXProject "acmicpc" */;
			compatibilityVersion = "Xcode 9.3";
			developmentRegion = en;
			hasScannedForEncodings = 0;
			knownRegions = (
				en,
				Base,
			);
			mainGroup = 98055B6E25C6BDA50001C487;
			productRefGroup = 98055B7825C6BDA60001C487 /* Products */;
			projectDirPath = "";
			projectRoot = "";
			targets = (
				98055B7625C6BDA50001C487 /* acmicpc */,
			);
		};
/* End PBXProject section */

/* Begin PBXSourcesBuildPhase section */
		98055B7325C6BDA50001C487 /* Sources */ = {
			isa = PBXSourcesBuildPhase;
			buildActionMask = 2147483647;
			files = (
				9821A1E027A3DCEE007FF1D9 /* 1854_k번째최단경로찾기.cpp in Sources */,
			);
			runOnlyForDeploymentPostprocessing = 0;
		};
/* End PBXSourcesBuildPhase section */

/* Begin XCBuildConfiguration section */
		98055B7C25C6BDA60001C487 /* Debug */ = {
			isa = XCBuildConfiguration;
			buildSettings = {
				ALWAYS_SEARCH_USER_PATHS = NO;
				CLANG_ANALYZER_NONNULL = YES;
				CLANG_ANALYZER_NUMBER_OBJECT_CONVERSION = YES_AGGRESSIVE;
				CLANG_CXX_LANGUAGE_STANDARD = "gnu++14";
				CLANG_CXX_LIBRARY = "libc++";
				CLANG_ENABLE_MODULES = YES;
				CLANG_ENABLE_OBJC_ARC = YES;
				CLANG_ENABLE_OBJC_WEAK = YES;
				CLANG_WARN_BLOCK_CAPTURE_AUTORELEASING = YES;
				CLANG_WARN_BOOL_CONVERSION = YES;
				CLANG_WARN_COMMA = YES;
				CLANG_WARN_CONSTANT_CONVERSION = YES;
				CLANG_WARN_DEPRECATED_OBJC_IMPLEMENTATIONS = YES;
				CLANG_WARN_DIRECT_OBJC_ISA_USAGE = YES_ERROR;
				CLANG_WARN_DOCUMENTATION_COMMENTS = YES;
				CLANG_WARN_EMPTY_BODY = YES;
				CLANG_WARN_ENUM_CONVERSION = YES;
				CLANG_WARN_INFINITE_RECURSION = YES;
				CLANG_WARN_INT_CONVERSION = YES;
				CLANG_WARN_NON_LITERAL_NULL_CONVERSION = YES;
				CLANG_WARN_OBJC_IMPLICIT_RETAIN_SELF = YES;
				CLANG_WARN_OBJC_LITERAL_CONVERSION = YES;
				CLANG_WARN_OBJC_ROOT_CLASS = YES_ERROR;
				CLANG_WARN_QUOTED_INCLUDE_IN_FRAMEWORK_HEADER = YES;
				CLANG_WARN_RANGE_LOOP_ANALYSIS = YES;
				CLANG_WARN_STRICT_PROTOTYPES = YES;
				CLANG_WARN_SUSPICIOUS_MOVE = YES;
				CLANG_WARN_UNGUARDED_AVAILABILITY = YES_AGGRESSIVE;
				CLANG_WARN_UNREACHABLE_CODE = YES;
				CLANG_WARN__DUPLICATE_METHOD_MATCH = YES;
				COPY_PHASE_STRIP = NO;
				DEBUG_INFORMATION_FORMAT = dwarf;
				ENABLE_STRICT_OBJC_MSGSEND = YES;
				ENABLE_TESTABILITY = YES;
				GCC_C_LANGUAGE_STANDARD = gnu11;
				GCC_DYNAMIC_NO_PIC = NO;
				GCC_NO_COMMON_BLOCKS = YES;
				GCC_OPTIMIZATION_LEVEL = 0;
				GCC_PREPROCESSOR_DEFINITIONS = (
					"DEBUG=1",
					"$(inherited)",
				);
				GCC_WARN_64_TO_32_BIT_CONVERSION = YES;
				GCC_WARN_ABOUT_RETURN_TYPE = YES_ERROR;
				GCC_WARN_UNDECLARED_SELECTOR = YES;
				GCC_WARN_UNINITIALIZED_AUTOS = YES_AGGRESSIVE;
				GCC_WARN_UNUSED_FUNCTION = YES;
				GCC_WARN_UNUSED_VARIABLE = YES;
				MACOSX_DEPLOYMENT_TARGET = 10.15;
				MTL_ENABLE_DEBUG_INFO = INCLUDE_SOURCE;
				MTL_FAST_MATH = YES;
				ONLY_ACTIVE_ARCH = YES;
				SDKROOT = macosx;
			};
			name = Debug;
		};
		98055B7D25C6BDA60001C487 /* Release */ = {
			isa = XCBuildConfiguration;
			buildSettings = {
				ALWAYS_SEARCH_USER_PATHS = NO;
				CLANG_ANALYZER_NONNULL = YES;
				CLANG_ANALYZER_NUMBER_OBJECT_CONVERSION = YES_AGGRESSIVE;
				CLANG_CXX_LANGUAGE_STANDARD = "gnu++14";
				CLANG_CXX_LIBRARY = "libc++";
				CLANG_ENABLE_MODULES = YES;
				CLANG_ENABLE_OBJC_ARC = YES;
				CLANG_ENABLE_OBJC_WEAK = YES;
				CLANG_WARN_BLOCK_CAPTURE_AUTORELEASING = YES;
				CLANG_WARN_BOOL_CONVERSION = YES;
				CLANG_WARN_COMMA = YES;
				CLANG_WARN_CONSTANT_CONVERSION = YES;
				CLANG_WARN_DEPRECATED_OBJC_IMPLEMENTATIONS = YES;
				CLANG_WARN_DIRECT_OBJC_ISA_USAGE = YES_ERROR;
				CLANG_WARN_DOCUMENTATION_COMMENTS = YES;
				CLANG_WARN_EMPTY_BODY = YES;
				CLANG_WARN_ENUM_CONVERSION = YES;
				CLANG_WARN_INFINITE_RECURSION = YES;
				CLANG_WARN_INT_CONVERSION = YES;
				CLANG_WARN_NON_LITERAL_NULL_CONVERSION = YES;
				CLANG_WARN_OBJC_IMPLICIT_RETAIN_SELF = YES;
				CLANG_WARN_OBJC_LITERAL_CONVERSION = YES;
				CLANG_WARN_OBJC_ROOT_CLASS = YES_ERROR;
				CLANG_WARN_QUOTED_INCLUDE_IN_FRAMEWORK_HEADER = YES;
				CLANG_WARN_RANGE_LOOP_ANALYSIS = YES;
				CLANG_WARN_STRICT_PROTOTYPES = YES;
				CLANG_WARN_SUSPICIOUS_MOVE = YES;
				CLANG_WARN_UNGUARDED_AVAILABILITY = YES_AGGRESSIVE;
				CLANG_WARN_UNREACHABLE_CODE = YES;
				CLANG_WARN__DUPLICATE_METHOD_MATCH = YES;
				COPY_PHASE_STRIP = NO;
				DEBUG_INFORMATION_FORMAT = "dwarf-with-dsym";
				ENABLE_NS_ASSERTIONS = NO;
				ENABLE_STRICT_OBJC_MSGSEND = YES;
				GCC_C_LANGUAGE_STANDARD = gnu11;
				GCC_NO_COMMON_BLOCKS = YES;
				GCC_WARN_64_TO_32_BIT_CONVERSION = YES;
				GCC_WARN_ABOUT_RETURN_TYPE = YES_ERROR;
				GCC_WARN_UNDECLARED_SELECTOR = YES;
				GCC_WARN_UNINITIALIZED_AUTOS = YES_AGGRESSIVE;
				GCC_WARN_UNUSED_FUNCTION = YES;
				GCC_WARN_UNUSED_VARIABLE = YES;
				MACOSX_DEPLOYMENT_TARGET = 10.15;
				MTL_ENABLE_DEBUG_INFO = NO;
				MTL_FAST_MATH = YES;
				SDKROOT = macosx;
			};
			name = Release;
		};
		98055B7F25C6BDA60001C487 /* Debug */ = {
			isa = XCBuildConfiguration;
			buildSettings = {
				CODE_SIGN_IDENTITY = "-";
				CODE_SIGN_STYLE = Automatic;
				PRODUCT_NAME = "$(TARGET_NAME)";
			};
			name = Debug;
		};
		98055B8025C6BDA60001C487 /* Release */ = {
			isa = XCBuildConfiguration;
			buildSettings = {
				CODE_SIGN_IDENTITY = "-";
				CODE_SIGN_STYLE = Automatic;
				PRODUCT_NAME = "$(TARGET_NAME)";
			};
			name = Release;
		};
/* End XCBuildConfiguration section */

/* Begin XCConfigurationList section */
		98055B7225C6BDA50001C487 /* Build configuration list for PBXProject "acmicpc" */ = {
			isa = XCConfigurationList;
			buildConfigurations = (
				98055B7C25C6BDA60001C487 /* Debug */,
				98055B7D25C6BDA60001C487 /* Release */,
			);
			defaultConfigurationIsVisible = 0;
			defaultConfigurationName = Release;
		};
		98055B7E25C6BDA60001C487 /* Build configuration list for PBXNativeTarget "acmicpc" */ = {
			isa = XCConfigurationList;
			buildConfigurations = (
				98055B7F25C6BDA60001C487 /* Debug */,
				98055B8025C6BDA60001C487 /* Release */,
			);
			defaultConfigurationIsVisible = 0;
			defaultConfigurationName = Release;
		};
/* End XCConfigurationList section */
	};
	rootObject = 98055B6F25C6BDA50001C487 /* Project object */;
}
